{
  "originHash" : "97935d938e0ccdb7e7e7bb1e47a377b6933ca433e03066ee3533138cea6cad83",
  "pins" : [
    {
      "identity" : "posthog-ios",
      "kind" : "remoteSourceControl",
      "location" : "git@github.com:PostHog/posthog-ios.git",
      "state" : {
        "revision" : "d6fde6cea4fbb2f968f116aa04572c39297a8c2b",
        "version" : "3.26.2"
      }
    }
  ],
  "version" : 3
}
