{
  "pins" : [
    {
      "identity" : "atlantis",
      "kind" : "remoteSourceControl",
      "location" : "https://github.com/ProxymanApp/atlantis",
      "state" : {
        "revision" : "aae8dd0f3722c75d526f09fbb709bd1081d402db",
        "version" : "1.30.1"
      }
    },
    {
      "identity" : "gate",
      "kind" : "remoteSourceControl",
      "location" : "git@github.com:mayankgandhi/Gate.git",
      "state" : {
        "revision" : "965a00d1d950d4b75fc59e8871a7649faa21a608",
        "version" : "1.0.0"
      }
    },
    {
      "identity" : "posthog-ios",
      "kind" : "remoteSourceControl",
      "location" : "https://github.com/PostHog/posthog-ios.git",
      "state" : {
        "revision" : "b71b7b1ba861391377d01251479530b938881ce0",
        "version" : "3.35.0"
      }
    },
    {
      "identity" : "purchases-ios",
      "kind" : "remoteSourceControl",
      "location" : "https://github.com/RevenueCat/purchases-ios.git",
      "state" : {
        "revision" : "517162f2045989b43f691327aeb1b5847c9a5a6d",
        "version" : "5.47.1"
      }
    },
    {
      "identity" : "roadmap",
      "kind" : "remoteSourceControl",
      "location" : "https://github.com/AvdLee/Roadmap",
      "state" : {
        "revision" : "faacea19bfa486f6ceef5ed191bd5662a77a6643",
        "version" : "1.1.0"
      }
    },
    {
      "identity" : "telemetry",
      "kind" : "remoteSourceControl",
      "location" : "git@github.com:mayankgandhi/Telemetry.git",
      "state" : {
        "revision" : "17ba7b399a710adaf88f24f8136078be86759763",
        "version" : "1.0.0"
      }
    }
  ],
  "version" : 2
}
